
Microsoft Visual Studio Solution File, Format Version 12.00
# Visual Studio 15
VisualStudioVersion = 15.0.26124.0
MinimumVisualStudioVersion = 15.0.26124.0
Project("{FAE04EC0-301F-11D3-BF4B-00C04F79EFBC}") = "BlogApp.WebUI", "BlogApp.WebUI\BlogApp.WebUI.csproj", "{84D381E3-817C-4353-A022-D29A10A988C6}"
EndProject
Project("{FAE04EC0-301F-11D3-BF4B-00C04F79EFBC}") = "BlogApp.Data", "BlogApp.Data\BlogApp.Data.csproj", "{47A9DC52-F837-4530-AB85-015153CC3FC3}"
EndProject
Project("{FAE04EC0-301F-11D3-BF4B-00C04F79EFBC}") = "BlogApp.Entity", "BlogApp.Entity\BlogApp.Entity.csproj", "{467AA72E-7CD1-48EC-8DBC-49A33FE02C57}"
EndProject
Global
	GlobalSection(SolutionConfigurationPlatforms) = preSolution
		Debug|Any CPU = Debug|Any CPU
		Debug|x64 = Debug|x64
		Debug|x86 = Debug|x86
		Release|Any CPU = Release|Any CPU
		Release|x64 = Release|x64
		Release|x86 = Release|x86
	EndGlobalSection
	GlobalSection(SolutionProperties) = preSolution
		HideSolutionNode = FALSE
	EndGlobalSection
	GlobalSection(ProjectConfigurationPlatforms) = postSolution
		{84D381E3-817C-4353-A022-D29A10A988C6}.Debug|Any CPU.ActiveCfg = Debug|Any CPU
		{84D381E3-817C-4353-A022-D29A10A988C6}.Debug|Any CPU.Build.0 = Debug|Any CPU
		{84D381E3-817C-4353-A022-D29A10A988C6}.Debug|x64.ActiveCfg = Debug|Any CPU
		{84D381E3-817C-4353-A022-D29A10A988C6}.Debug|x64.Build.0 = Debug|Any CPU
		{84D381E3-817C-4353-A022-D29A10A988C6}.Debug|x86.ActiveCfg = Debug|Any CPU
		{84D381E3-817C-4353-A022-D29A10A988C6}.Debug|x86.Build.0 = Debug|Any CPU
		{84D381E3-817C-4353-A022-D29A10A988C6}.Release|Any CPU.ActiveCfg = Release|Any CPU
		{84D381E3-817C-4353-A022-D29A10A988C6}.Release|Any CPU.Build.0 = Release|Any CPU
		{84D381E3-817C-4353-A022-D29A10A988C6}.Release|x64.ActiveCfg = Release|Any CPU
		{84D381E3-817C-4353-A022-D29A10A988C6}.Release|x64.Build.0 = Release|Any CPU
		{84D381E3-817C-4353-A022-D29A10A988C6}.Release|x86.ActiveCfg = Release|Any CPU
		{84D381E3-817C-4353-A022-D29A10A988C6}.Release|x86.Build.0 = Release|Any CPU
		{47A9DC52-F837-4530-AB85-015153CC3FC3}.Debug|Any CPU.ActiveCfg = Debug|Any CPU
		{47A9DC52-F837-4530-AB85-015153CC3FC3}.Debug|Any CPU.Build.0 = Debug|Any CPU
		{47A9DC52-F837-4530-AB85-015153CC3FC3}.Debug|x64.ActiveCfg = Debug|Any CPU
		{47A9DC52-F837-4530-AB85-015153CC3FC3}.Debug|x64.Build.0 = Debug|Any CPU
		{47A9DC52-F837-4530-AB85-015153CC3FC3}.Debug|x86.ActiveCfg = Debug|Any CPU
		{47A9DC52-F837-4530-AB85-015153CC3FC3}.Debug|x86.Build.0 = Debug|Any CPU
		{47A9DC52-F837-4530-AB85-015153CC3FC3}.Release|Any CPU.ActiveCfg = Release|Any CPU
		{47A9DC52-F837-4530-AB85-015153CC3FC3}.Release|Any CPU.Build.0 = Release|Any CPU
		{47A9DC52-F837-4530-AB85-015153CC3FC3}.Release|x64.ActiveCfg = Release|Any CPU
		{47A9DC52-F837-4530-AB85-015153CC3FC3}.Release|x64.Build.0 = Release|Any CPU
		{47A9DC52-F837-4530-AB85-015153CC3FC3}.Release|x86.ActiveCfg = Release|Any CPU
		{47A9DC52-F837-4530-AB85-015153CC3FC3}.Release|x86.Build.0 = Release|Any CPU
		{467AA72E-7CD1-48EC-8DBC-49A33FE02C57}.Debug|Any CPU.ActiveCfg = Debug|Any CPU
		{467AA72E-7CD1-48EC-8DBC-49A33FE02C57}.Debug|Any CPU.Build.0 = Debug|Any CPU
		{467AA72E-7CD1-48EC-8DBC-49A33FE02C57}.Debug|x64.ActiveCfg = Debug|Any CPU
		{467AA72E-7CD1-48EC-8DBC-49A33FE02C57}.Debug|x64.Build.0 = Debug|Any CPU
		{467AA72E-7CD1-48EC-8DBC-49A33FE02C57}.Debug|x86.ActiveCfg = Debug|Any CPU
		{467AA72E-7CD1-48EC-8DBC-49A33FE02C57}.Debug|x86.Build.0 = Debug|Any CPU
		{467AA72E-7CD1-48EC-8DBC-49A33FE02C57}.Release|Any CPU.ActiveCfg = Release|Any CPU
		{467AA72E-7CD1-48EC-8DBC-49A33FE02C57}.Release|Any CPU.Build.0 = Release|Any CPU
		{467AA72E-7CD1-48EC-8DBC-49A33FE02C57}.Release|x64.ActiveCfg = Release|Any CPU
		{467AA72E-7CD1-48EC-8DBC-49A33FE02C57}.Release|x64.Build.0 = Release|Any CPU
		{467AA72E-7CD1-48EC-8DBC-49A33FE02C57}.Release|x86.ActiveCfg = Release|Any CPU
		{467AA72E-7CD1-48EC-8DBC-49A33FE02C57}.Release|x86.Build.0 = Release|Any CPU
	EndGlobalSection
EndGlobal
